
Microsoft Visual Studio Solution File, Format Version 12.00
# Visual Studio Version 16
VisualStudioVersion = 16.0.29009.5
MinimumVisualStudioVersion = 10.0.40219.1
Project("{FAE04EC0-301F-11D3-BF4B-00C04F79EFBC}") = "ASPNetTask", "ASPNetTask\ASPNetTask.csproj", "{EF77A9A5-8BC1-46FC-ABC2-7B37A5FB2D28}"
EndProject
Global
	GlobalSection(SolutionConfigurationPlatforms) = preSolution
		Debug|Any CPU = Debug|Any CPU
		Release|Any CPU = Release|Any CPU
	EndGlobalSection
	GlobalSection(ProjectConfigurationPlatforms) = postSolution
		{EF77A9A5-8BC1-46FC-ABC2-7B37A5FB2D28}.Debug|Any CPU.ActiveCfg = Debug|Any CPU
		{EF77A9A5-8BC1-46FC-ABC2-7B37A5FB2D28}.Debug|Any CPU.Build.0 = Debug|Any CPU
		{EF77A9A5-8BC1-46FC-ABC2-7B37A5FB2D28}.Release|Any CPU.ActiveCfg = Release|Any CPU
		{EF77A9A5-8BC1-46FC-ABC2-7B37A5FB2D28}.Release|Any CPU.Build.0 = Release|Any CPU
	EndGlobalSection
	GlobalSection(SolutionProperties) = preSolution
		HideSolutionNode = FALSE
	EndGlobalSection
	GlobalSection(ExtensibilityGlobals) = postSolution
		SolutionGuid = {F75DD65D-9F2D-487A-8F04-94D4DCFB52B5}
	EndGlobalSection
EndGlobal
